
Microsoft Visual Studio Solution File, Format Version 12.00
# Visual Studio Version 17
VisualStudioVersion = 17.3.32929.385
MinimumVisualStudioVersion = 10.0.40219.1
Project("{8BC9CEB8-8B4A-11D0-8D11-00A0C91BC942}") = "RayMarching", "RayMarching\RayMarching.vcxproj", "{F89BD6A9-C5D7-4291-8D6B-78B885D4523A}"
EndProject
Global
	GlobalSection(SolutionConfigurationPlatforms) = preSolution
		Debug|x64 = Debug|x64
		Debug|x86 = Debug|x86
		Release|x64 = Release|x64
		Release|x86 = Release|x86
	EndGlobalSection
	GlobalSection(ProjectConfigurationPlatforms) = postSolution
		{F89BD6A9-C5D7-4291-8D6B-78B885D4523A}.Debug|x64.ActiveCfg = Debug|x64
		{F89BD6A9-C5D7-4291-8D6B-78B885D4523A}.Debug|x64.Build.0 = Debug|x64
		{F89BD6A9-C5D7-4291-8D6B-78B885D4523A}.Debug|x86.ActiveCfg = Debug|Win32
		{F89BD6A9-C5D7-4291-8D6B-78B885D4523A}.Debug|x86.Build.0 = Debug|Win32
		{F89BD6A9-C5D7-4291-8D6B-78B885D4523A}.Release|x64.ActiveCfg = Release|x64
		{F89BD6A9-C5D7-4291-8D6B-78B885D4523A}.Release|x64.Build.0 = Release|x64
		{F89BD6A9-C5D7-4291-8D6B-78B885D4523A}.Release|x86.ActiveCfg = Release|Win32
		{F89BD6A9-C5D7-4291-8D6B-78B885D4523A}.Release|x86.Build.0 = Release|Win32
	EndGlobalSection
	GlobalSection(SolutionProperties) = preSolution
		HideSolutionNode = FALSE
	EndGlobalSection
	GlobalSection(ExtensibilityGlobals) = postSolution
		SolutionGuid = {9868D413-932C-4929-B2E3-6B5527C2C32B}
	EndGlobalSection
EndGlobal
